
Microsoft Visual Studio Solution File, Format Version 12.00
# Visual Studio Version 16
VisualStudioVersion = 16.0.31702.278
MinimumVisualStudioVersion = 10.0.40219.1
Project("{FAE04EC0-301F-11D3-BF4B-00C04F79EFBC}") = "WebCrudBebidas", "WebCrudBebidas\WebCrudBebidas.csproj", "{93923DEA-9773-4558-868A-C1EC3AB770F0}"
EndProject
Global
	GlobalSection(SolutionConfigurationPlatforms) = preSolution
		Debug|Any CPU = Debug|Any CPU
		Release|Any CPU = Release|Any CPU
	EndGlobalSection
	GlobalSection(ProjectConfigurationPlatforms) = postSolution
		{93923DEA-9773-4558-868A-C1EC3AB770F0}.Debug|Any CPU.ActiveCfg = Debug|Any CPU
		{93923DEA-9773-4558-868A-C1EC3AB770F0}.Debug|Any CPU.Build.0 = Debug|Any CPU
		{93923DEA-9773-4558-868A-C1EC3AB770F0}.Release|Any CPU.ActiveCfg = Release|Any CPU
		{93923DEA-9773-4558-868A-C1EC3AB770F0}.Release|Any CPU.Build.0 = Release|Any CPU
	EndGlobalSection
	GlobalSection(SolutionProperties) = preSolution
		HideSolutionNode = FALSE
	EndGlobalSection
	GlobalSection(ExtensibilityGlobals) = postSolution
		SolutionGuid = {F7DF729C-E60A-44D8-A2C5-36894EDF1F0C}
	EndGlobalSection
EndGlobal
